github.com/AI-Play/Chatting v0.0.0-20220323024227-2e8242ac04d0 h1:vsqB02/9ooXZuPm5KVuub6T8V9+iV+wJtsRHoCCbkfI=
github.com/AI-Play/Chatting v0.0.0-20220323024227-2e8242ac04d0/go.mod h1:RN09RbcJBVKO1kFMkOhpzLNxvpA+EVA+AdW0k7YLoAA=
github.com/gorilla/websocket v1.5.0 h1:PPwGk2jz7EePpoHN/+ClbZu8SPxiqlu12wZP/3sWmnc=
github.com/gorilla/websocket v1.5.0/go.mod h1:YR8l580nyteQvAITg2hZ9XVh4b55+EU/adAjf1fMHhE=
